
Microsoft Visual Studio Solution File, Format Version 12.00
# Visual Studio Version 17
VisualStudioVersion = 17.8.34330.188
MinimumVisualStudioVersion = 10.0.40219.1
Project("{888888A0-9F3D-457C-B088-3A5042F75D52}") = "Урок 5. З1", "Урок 5. З1.pyproj", "{BD32D37C-F74F-4890-8B2C-C913C44CE49C}"
EndProject
Global
	GlobalSection(SolutionConfigurationPlatforms) = preSolution
		Debug|Any CPU = Debug|Any CPU
		Release|Any CPU = Release|Any CPU
	EndGlobalSection
	GlobalSection(ProjectConfigurationPlatforms) = postSolution
		{BD32D37C-F74F-4890-8B2C-C913C44CE49C}.Debug|Any CPU.ActiveCfg = Debug|Any CPU
		{BD32D37C-F74F-4890-8B2C-C913C44CE49C}.Release|Any CPU.ActiveCfg = Release|Any CPU
	EndGlobalSection
	GlobalSection(SolutionProperties) = preSolution
		HideSolutionNode = FALSE
	EndGlobalSection
	GlobalSection(ExtensibilityGlobals) = postSolution
		SolutionGuid = {698815AB-8FEB-4294-A507-E85D393A8D1E}
	EndGlobalSection
EndGlobal
